
Microsoft Visual Studio Solution File, Format Version 12.00
# Visual Studio 15
VisualStudioVersion = 15.0.28307.489
MinimumVisualStudioVersion = 10.0.40219.1
Project("{FAE04EC0-301F-11D3-BF4B-00C04F79EFBC}") = "PrimitiveDrawing", "PrimitiveDrawing\PrimitiveDrawing.csproj", "{F7F5F1E9-EE8F-481B-99D4-368C5C999C04}"
EndProject
Global
	GlobalSection(SolutionConfigurationPlatforms) = preSolution
		Debug|Any CPU = Debug|Any CPU
		Release|Any CPU = Release|Any CPU
	EndGlobalSection
	GlobalSection(ProjectConfigurationPlatforms) = postSolution
		{F7F5F1E9-EE8F-481B-99D4-368C5C999C04}.Debug|Any CPU.ActiveCfg = Debug|Any CPU
		{F7F5F1E9-EE8F-481B-99D4-368C5C999C04}.Debug|Any CPU.Build.0 = Debug|Any CPU
		{F7F5F1E9-EE8F-481B-99D4-368C5C999C04}.Release|Any CPU.ActiveCfg = Release|Any CPU
		{F7F5F1E9-EE8F-481B-99D4-368C5C999C04}.Release|Any CPU.Build.0 = Release|Any CPU
	EndGlobalSection
	GlobalSection(SolutionProperties) = preSolution
		HideSolutionNode = FALSE
	EndGlobalSection
	GlobalSection(ExtensibilityGlobals) = postSolution
		SolutionGuid = {0DC7CA5B-8A3E-4395-BAF2-779A10772C52}
	EndGlobalSection
EndGlobal
