
Microsoft Visual Studio Solution File, Format Version 12.00
# Visual Studio 15
VisualStudioVersion = 15.0.28307.489
MinimumVisualStudioVersion = 10.0.40219.1
Project("{FAE04EC0-301F-11D3-BF4B-00C04F79EFBC}") = "TickingPies", "TickingPies\TickingPies.csproj", "{8648A679-3B63-45CE-A75B-CAF277495D02}"
EndProject
Global
	GlobalSection(SolutionConfigurationPlatforms) = preSolution
		Debug|Any CPU = Debug|Any CPU
		Release|Any CPU = Release|Any CPU
	EndGlobalSection
	GlobalSection(ProjectConfigurationPlatforms) = postSolution
		{8648A679-3B63-45CE-A75B-CAF277495D02}.Debug|Any CPU.ActiveCfg = Debug|Any CPU
		{8648A679-3B63-45CE-A75B-CAF277495D02}.Debug|Any CPU.Build.0 = Debug|Any CPU
		{8648A679-3B63-45CE-A75B-CAF277495D02}.Release|Any CPU.ActiveCfg = Release|Any CPU
		{8648A679-3B63-45CE-A75B-CAF277495D02}.Release|Any CPU.Build.0 = Release|Any CPU
	EndGlobalSection
	GlobalSection(SolutionProperties) = preSolution
		HideSolutionNode = FALSE
	EndGlobalSection
	GlobalSection(ExtensibilityGlobals) = postSolution
		SolutionGuid = {BAB34A25-19CF-4981-9204-08DA4D981925}
	EndGlobalSection
EndGlobal
