
Microsoft Visual Studio Solution File, Format Version 12.00
# Visual Studio 15
VisualStudioVersion = 15.0.28307.489
MinimumVisualStudioVersion = 10.0.40219.1
Project("{FAE04EC0-301F-11D3-BF4B-00C04F79EFBC}") = "MovingRectangles", "MovingRectangles\MovingRectangles.csproj", "{56666C5F-6CD7-4CC0-9822-D72A702F26A0}"
EndProject
Global
	GlobalSection(SolutionConfigurationPlatforms) = preSolution
		Debug|Any CPU = Debug|Any CPU
		Release|Any CPU = Release|Any CPU
	EndGlobalSection
	GlobalSection(ProjectConfigurationPlatforms) = postSolution
		{56666C5F-6CD7-4CC0-9822-D72A702F26A0}.Debug|Any CPU.ActiveCfg = Debug|Any CPU
		{56666C5F-6CD7-4CC0-9822-D72A702F26A0}.Debug|Any CPU.Build.0 = Debug|Any CPU
		{56666C5F-6CD7-4CC0-9822-D72A702F26A0}.Release|Any CPU.ActiveCfg = Release|Any CPU
		{56666C5F-6CD7-4CC0-9822-D72A702F26A0}.Release|Any CPU.Build.0 = Release|Any CPU
	EndGlobalSection
	GlobalSection(SolutionProperties) = preSolution
		HideSolutionNode = FALSE
	EndGlobalSection
	GlobalSection(ExtensibilityGlobals) = postSolution
		SolutionGuid = {B3349F7F-1E59-47FA-8ED1-A4800FD50637}
	EndGlobalSection
EndGlobal
