
Microsoft Visual Studio Solution File, Format Version 12.00
# Visual Studio 15
VisualStudioVersion = 15.0.28307.489
MinimumVisualStudioVersion = 10.0.40219.1
Project("{FAE04EC0-301F-11D3-BF4B-00C04F79EFBC}") = "FlyingBalls", "FlyingBalls\FlyingBalls.csproj", "{C6FEF27B-08FB-45D3-98EA-5CD691E98760}"
EndProject
Global
	GlobalSection(SolutionConfigurationPlatforms) = preSolution
		Debug|Any CPU = Debug|Any CPU
		Release|Any CPU = Release|Any CPU
	EndGlobalSection
	GlobalSection(ProjectConfigurationPlatforms) = postSolution
		{C6FEF27B-08FB-45D3-98EA-5CD691E98760}.Debug|Any CPU.ActiveCfg = Debug|Any CPU
		{C6FEF27B-08FB-45D3-98EA-5CD691E98760}.Debug|Any CPU.Build.0 = Debug|Any CPU
		{C6FEF27B-08FB-45D3-98EA-5CD691E98760}.Release|Any CPU.ActiveCfg = Release|Any CPU
		{C6FEF27B-08FB-45D3-98EA-5CD691E98760}.Release|Any CPU.Build.0 = Release|Any CPU
	EndGlobalSection
	GlobalSection(SolutionProperties) = preSolution
		HideSolutionNode = FALSE
	EndGlobalSection
	GlobalSection(ExtensibilityGlobals) = postSolution
		SolutionGuid = {659A440D-04EB-4528-8AF8-08FF9E2753AA}
	EndGlobalSection
EndGlobal
